<?xml version="1.0" encoding="utf-8"?>
<Project ToolsVersion="4.0" xmlns="http://schemas.microsoft.com/developer/msbuild/2003">
  <ItemGroup>
    <ClCompile Include="easing.cpp">
      <Filter>ソースファイル</Filter>
    </ClCompile>
    <ClCompile Include="input.cpp">
      <Filter>ソースファイル</Filter>
    </ClCompile>
    <ClCompile Include="main.cpp">
      <Filter>ソースファイル</Filter>
    </ClCompile>
    <ClCompile Include="map.cpp">
      <Filter>ソースファイル</Filter>
    </ClCompile>
    <ClCompile Include="scene_choice.cpp">
      <Filter>ソースファイル</Filter>
    </ClCompile>
    <ClCompile Include="scene_game.cpp">
      <Filter>ソースファイル</Filter>
    </ClCompile>
    <ClCompile Include="scene_title.cpp">
      <Filter>ソースファイル</Filter>
    </ClCompile>
    <ClCompile Include="system.cpp">
      <Filter>ソースファイル</Filter>
    </ClCompile>
    <ClCompile Include="relative.cpp">
      <Filter>ソースファイル</Filter>
    </ClCompile>
    <ClCompile Include="player.cpp">
      <Filter>ソースファイル</Filter>
    </ClCompile>
    <ClCompile Include="liquid.cpp">
      <Filter>ソースファイル</Filter>
    </ClCompile>
    <ClCompile Include="block.cpp">
      <Filter>ソースファイル</Filter>
    </ClCompile>
  </ItemGroup>
  <ItemGroup>
    <ClInclude Include="common.h">
      <Filter>ヘッダーファイル</Filter>
    </ClInclude>
    <ClInclude Include="DxLibFile\DxLib.h">
      <Filter>ヘッダーファイル</Filter>
    </ClInclude>
    <ClInclude Include="easing.h">
      <Filter>ヘッダーファイル</Filter>
    </ClInclude>
    <ClInclude Include="input.h">
      <Filter>ヘッダーファイル</Filter>
    </ClInclude>
    <ClInclude Include="main.h">
      <Filter>ヘッダーファイル</Filter>
    </ClInclude>
    <ClInclude Include="map.h">
      <Filter>ヘッダーファイル</Filter>
    </ClInclude>
    <ClInclude Include="scene_choice.h">
      <Filter>ヘッダーファイル</Filter>
    </ClInclude>
    <ClInclude Include="scene_game.h">
      <Filter>ヘッダーファイル</Filter>
    </ClInclude>
    <ClInclude Include="scene_title.h">
      <Filter>ヘッダーファイル</Filter>
    </ClInclude>
    <ClInclude Include="system.h">
      <Filter>ヘッダーファイル</Filter>
    </ClInclude>
    <ClInclude Include="relative.h">
      <Filter>ヘッダーファイル</Filter>
    </ClInclude>
    <ClInclude Include="player.h">
      <Filter>ヘッダーファイル</Filter>
    </ClInclude>
    <ClInclude Include="singleton.h">
      <Filter>ヘッダーファイル</Filter>
    </ClInclude>
    <ClInclude Include="liquid.h">
      <Filter>ヘッダーファイル</Filter>
    </ClInclude>
    <ClInclude Include="block.h">
      <Filter>ヘッダーファイル</Filter>
    </ClInclude>
  </ItemGroup>
  <ItemGroup>
    <Filter Include="ソースファイル">
      <UniqueIdentifier>{9020abed-5c0a-42df-bcdb-003681702fc0}</UniqueIdentifier>
    </Filter>
    <Filter Include="ヘッダーファイル">
      <UniqueIdentifier>{3fbd5477-635b-48d2-a925-e8044eb6d6c7}</UniqueIdentifier>
    </Filter>
    <ClCompile Include="easing.cpp" />
    <ClCompile Include="input.cpp" />
    <ClCompile Include="main.cpp" />
    <ClCompile Include="map.cpp" />
    <ClCompile Include="scene_choice.cpp" />
    <ClCompile Include="scene_game.cpp" />
    <ClCompile Include="scene_title.cpp" />
    <ClCompile Include="system.cpp" />
  </ItemGroup>
  <ItemGroup>
    <ClInclude Include="common.h" />
    <ClInclude Include="DxLibFile\DxLib.h" />
    <ClInclude Include="easing.h" />
    <ClInclude Include="input.h" />
    <ClInclude Include="main.h" />
    <ClInclude Include="map.h" />
    <ClInclude Include="scene_choice.h" />
    <ClInclude Include="scene_game.h" />
    <ClInclude Include="scene_title.h" />
    <ClInclude Include="system.h" />
  </ItemGroup>
</Project>